lockfileVersion: 5.4

specifiers:
  '@types/whatwg-fetch': ^0.0.33
  babel-standalone: ^6.26.0
  whatwg-fetch: ^3.6.2

dependencies:
  '@types/whatwg-fetch': 0.0.33
  babel-standalone: 6.26.0
  whatwg-fetch: 3.6.2

packages:

  /@types/whatwg-fetch/0.0.33:
    resolution: {integrity: sha512-XSWTlUwpjUyLiDu50HhtpUyhvt7QND1ANfyFfiw/TH63GC1ngZMl2rgxuH5SQKfPjMoKRXv94r7crWnJ3mg5tA==}
    deprecated: fetch types are now provided by '--lib dom'
    dependencies:
      '@types/whatwg-streams': 3.2.1
    dev: false

  /@types/whatwg-streams/3.2.1:
    resolution: {integrity: sha512-Syv05sRL25b8cC8tqgXSQgLZZmqGq2GO+NafrtHbjPJccP6gWBXmHvo2Trw3AWXQ4QLIkVuOB7uStCuhzswyiw==}
    deprecated: This is a stub types definition. whatwg-streams provides its own type definitions, so you do not need this installed.
    dependencies:
      whatwg-streams: 0.1.1
    dev: false

  /babel-standalone/6.26.0:
    resolution: {integrity: sha512-zT4CJM9TK6uEaPf7+nKVO/yPYNlk5G9Aa4+iYwmn7J4D9eezb62eQ3bSUybK/AcPHU2VkfFuIDKbvwQOOj+Zyw==}
    dev: false

  /bluebird/1.0.8:
    resolution: {integrity: sha512-e8rlJcByuxPdMiiwU3lGtENflMtUncAblzSlN7rBAZ9ygb75D/rng3Xt5FbZpYqVCzK+sFHVIMht4G6fbfUfbA==}
    dev: false

  /deep-equal/0.1.2:
    resolution: {integrity: sha512-rUCt39nKM7s6qUyYgp/reJmtXjgkOS/JbLO24DioMZaBNkD3b7C7cD3zJjSyjclEElNTpetAIRD6fMIbBIbX1Q==}
    dev: false

  /defined/0.0.0:
    resolution: {integrity: sha512-zpqiCT8bODLu3QSmLLic8xJnYWBFjOSu/fBCm189oAiTtPq/PSanNACKZDS7kgSyCJY7P+IcODzlIogBK/9RBg==}
    dev: false

  /inherits/2.0.4:
    resolution: {integrity: sha512-k/vGaX4/Yla3WzyMCvTQOXYeIHvqOKtnqBduzTHpzpQZzAskKMhZ2K+EnBiSM9zGSoIFeMpXKxa4dYeZIQqewQ==}
    dev: false

  /jsonify/0.0.1:
    resolution: {integrity: sha512-2/Ki0GcmuqSrgFyelQq9M05y7PS0mEwuIzrf3f1fPqkVDVRvZrPZtVSMHxdgo8Aq0sxAOb/cr2aqqA3LeWHVPg==}
    dev: false

  /resumer/0.0.0:
    resolution: {integrity: sha512-Fn9X8rX8yYF4m81rZCK/5VmrmsSbqS/i3rDLl6ZZHAXgC2nTAx3dhwG8q8odP/RmdLa2YrybDJaAMg+X1ajY3w==}
    dependencies:
      through: 2.3.8
    dev: false

  /tape/2.3.3:
    resolution: {integrity: sha512-V3tQqlti/JJm577hhDdoCOw1xl4aPcDjTY6PesnFjWDcUYzB6fz39ETXFQuPr9piaoHPfc65sjAehTgbfXOvxQ==}
    hasBin: true
    dependencies:
      deep-equal: 0.1.2
      defined: 0.0.0
      inherits: 2.0.4
      jsonify: 0.0.1
      resumer: 0.0.0
      through: 2.3.8
    dev: false

  /through/2.3.8:
    resolution: {integrity: sha512-w89qg7PI8wAdvX60bMDP+bFoD5Dvhm9oLheFp5O4a2QF0cSBGsBX4qZmadPMvVqlLJBBci+WqGGOAPvcDeNSVg==}
    dev: false

  /whatwg-fetch/3.6.2:
    resolution: {integrity: sha512-bJlen0FcuU/0EMLrdbJ7zOnW6ITZLrZMIarMUVmdKtsGvZna8vxKYaexICWPfZ8qwf9fzNq+UEIZrnSaApt6RA==}
    dev: false

  /whatwg-streams/0.1.1:
    resolution: {integrity: sha512-+UIxdkkbcbhhmcDJIdgVtGTJ7sxV81MY1K++LIWufM8BnIXek3andXURjVs8rV8h2MEFLQbH6YPPZOZATIkZiw==}
    dependencies:
      bluebird: 1.0.8
      tape: 2.3.3
    dev: false
