lockfileVersion: 5.4

specifiers:
  alins: 0.0.14
  alins-style: 0.0.14

dependencies:
  alins: 0.0.14
  alins-style: 0.0.14

packages:

  /alins-reactive/0.0.14:
    resolution: {integrity: sha512-Ck5B+EmGJe0QC84aptU49Cgf84wR/wVkKFFaP82FqP6Ve6flCiu5HOcMRTDX2qHRkmf9uEQnb2/g5fqz+BWcdw==}
    dependencies:
      alins-utils: 0.0.14
    dev: false

  /alins-style/0.0.14:
    resolution: {integrity: sha512-d76bZ4OyGSosYjaidmRl+aLegzQ9mSX2MSn83yvgo9oouyeSeHHiVirjnThofrwFT2oUnEvN+lyfyQd7OTAmxQ==}
    dependencies:
      alins-reactive: 0.0.14
      alins-utils: 0.0.14
    dev: false

  /alins-utils/0.0.14:
    resolution: {integrity: sha512-UAkoKaHCLHSHK4RvmHKAmPtOGK8aWre2tDAyXZPSOYq+qV2Mo1DW/jtjMS3BsPoFKCJVG070JrMtBQKgZd/noA==}
    dev: false

  /alins/0.0.14:
    resolution: {integrity: sha512-zLj2RqZJlhqHbqRHeLcqJzIuzv1GAF88qU2aegpnkIYjHzHrUZ4nJ9z8JJsP//I5TCaNys/PWhs0UstHGVdwjA==}
    dependencies:
      alins-reactive: 0.0.14
      alins-utils: 0.0.14
    dev: false
