lockfileVersion: 5.4

specifiers:
  '@types/lz-string': ^1.3.34
  alins: 0.0.17
  alins-style: 0.0.17
  lz-string: ^1.4.4

dependencies:
  '@types/lz-string': 1.3.34
  alins: 0.0.17
  alins-style: 0.0.17
  lz-string: 1.4.4

packages:

  /@types/lz-string/1.3.34:
    resolution: {integrity: sha512-j6G1e8DULJx3ONf6NdR5JiR2ZY3K3PaaqiEuKYkLQO0Czfi1AzrtjfnfCROyWGeDd5IVMKCwsgSmMip9OWijow==}
    dev: false

  /alins-reactive/0.0.17:
    resolution: {integrity: sha512-OgWJ7FWdX98RDb6DHT5Qn5AVTIfks6/iRi6hKhktuU1Q7wGLk9419jStC9yrL965BRzfKNjW8fCg2GbqeQ7ZBA==}
    dependencies:
      alins-utils: 0.0.17
    dev: false

  /alins-style/0.0.17:
    resolution: {integrity: sha512-stUikmwhxuO9ttS4/bOSX3rfjVc6XXGWOZIvDJ5KZzitQy1C2q7KYYF3phUXpMAWnE2Fb+S4Ca8CBmBtOGoAMA==}
    dependencies:
      alins-reactive: 0.0.17
      alins-utils: 0.0.17
    dev: false

  /alins-utils/0.0.17:
    resolution: {integrity: sha512-TIFUT8GINB7m2k5TaDwAjYpF7p0oXtSUN5d/Ji8kwrm20eqV215dNBnPA1TVMTrxz80IEOSXz7WyFZUkndFo0A==}
    dev: false

  /alins/0.0.17:
    resolution: {integrity: sha512-IMTrO9U+bWKS6Gf14U8/ZMgFoUwAuS/vJmdEXAFQUhciYv8/6/yy94ZKgGw8LmysILe4egea0KAIB/tszAdREw==}
    dependencies:
      alins-reactive: 0.0.17
      alins-utils: 0.0.17
    dev: false

  /lz-string/1.4.4:
    resolution: {integrity: sha512-0ckx7ZHRPqb0oUm8zNr+90mtf9DQB60H1wMCjBtfi62Kl3a7JbHob6gA2bC+xRvZoOL+1hzUK8jeuEIQE8svEQ==}
    hasBin: true
    dev: false
